# THIS IS AN AUTOGENERATED FILE. DO NOT EDIT THIS FILE DIRECTLY.
# yarn lockfile v1


"@juggle/resize-observer@^3.3.1":
  version "3.4.0"
  resolved "https://registry.yarnpkg.com/@juggle/resize-observer/-/resize-observer-3.4.0.tgz#08d6c5e20cf7e4cc02fd181c4b0c225cd31dbb60"
  integrity sha512-dfLbk+PwWvFzSxwk3n5ySL0hfBog779o8h68wK/7/APo/7cgyWp5jcXockbxdk5kFRkbeXWm4Fbi9FrdN381sA==

"@types/d3-cloud@1.2.5":
  version "1.2.5"
  resolved "https://registry.yarnpkg.com/@types/d3-cloud/-/d3-cloud-1.2.5.tgz#0300bedc826aacd505ae6c41c5f8c4ab75c45135"
  integrity sha512-vEIER9DsEBUOdpRiwCh3n1qE+cV6h4e1LhxhY2sLt+m8LPNAIkOOhTlqk0JDiBwD+ZPM8ynFAOU3AuPuVYBFBA==
  dependencies:
    "@types/d3" "^3"

"@types/d3-color@^1":
  version "1.4.2"
  resolved "https://registry.yarnpkg.com/@types/d3-color/-/d3-color-1.4.2.tgz#944f281d04a0f06e134ea96adbb68303515b2784"
  integrity sha512-fYtiVLBYy7VQX+Kx7wU/uOIkGQn8aAEY8oWMoyja3N4dLd8Yf6XgSIR/4yWvMuveNOH5VShnqCgRqqh/UNanBA==

"@types/d3-geo@^1.11.1":
  version "1.12.3"
  resolved "https://registry.yarnpkg.com/@types/d3-geo/-/d3-geo-1.12.3.tgz#512ebe735cb1cdf5f87ad59608416e2e9e868c5a"
  integrity sha512-yZbPb7/5DyL/pXkeOmZ7L5ySpuGr4H48t1cuALjnJy5sXQqmSSAYBiwa6Ya/XpWKX2rJqGDDubmh3nOaopOpeA==
  dependencies:
    "@types/geojson" "*"

"@types/d3-hierarchy@^1.1.6":
  version "1.1.8"
  resolved "https://registry.yarnpkg.com/@types/d3-hierarchy/-/d3-hierarchy-1.1.8.tgz#50657f420d565a06c0b950a4b82eee0a369f2dea"
  integrity sha512-AbStKxNyWiMDQPGDguG2Kuhlq1Sv539pZSxYbx4UZeYkutpPwXCcgyiRrlV4YH64nIOsKx7XVnOMy9O7rJsXkg==

"@types/d3-interpolate@^1.3.1":
  version "1.4.2"
  resolved "https://registry.yarnpkg.com/@types/d3-interpolate/-/d3-interpolate-1.4.2.tgz#88902a205f682773a517612299a44699285eed7b"
  integrity sha512-ylycts6llFf8yAEs1tXzx2loxxzDZHseuhPokrqKprTQSTcD3JbJI1omZP1rphsELZO3Q+of3ff0ZS7+O6yVzg==
  dependencies:
    "@types/d3-color" "^1"

"@types/d3-path@^1", "@types/d3-path@^1.0.8":
  version "1.0.9"
  resolved "https://registry.yarnpkg.com/@types/d3-path/-/d3-path-1.0.9.tgz#73526b150d14cd96e701597cbf346cfd1fd4a58c"
  integrity sha512-NaIeSIBiFgSC6IGUBjZWcscUJEq7vpVu7KthHN8eieTV9d9MqkSOZLH4chq1PmcKy06PNe3axLeKmRIyxJ+PZQ==

"@types/d3-random@^2.2.0":
  version "2.2.1"
  resolved "https://registry.yarnpkg.com/@types/d3-random/-/d3-random-2.2.1.tgz#551edbb71cb317dea2cf9c76ebe059d311eefacb"
  integrity sha512-5vvxn6//poNeOxt1ZwC7QU//dG9QqABjy1T7fP/xmFHY95GnaOw3yABf29hiu5SR1Oo34XcpyHFbzod+vemQjA==

"@types/d3-scale@^3.3.0":
  version "3.3.2"
  resolved "https://registry.yarnpkg.com/@types/d3-scale/-/d3-scale-3.3.2.tgz#18c94e90f4f1c6b1ee14a70f14bfca2bd1c61d06"
  integrity sha512-gGqr7x1ost9px3FvIfUMi5XA/F/yAf4UkUDtdQhpH92XCT0Oa7zkkRzY61gPVJq+DxpHn/btouw5ohWkbBsCzQ==
  dependencies:
    "@types/d3-time" "^2"

"@types/d3-shape@^1.3.1":
  version "1.3.8"
  resolved "https://registry.yarnpkg.com/@types/d3-shape/-/d3-shape-1.3.8.tgz#c3c15ec7436b4ce24e38de517586850f1fea8e89"
  integrity sha512-gqfnMz6Fd5H6GOLYixOZP/xlrMtJms9BaS+6oWxTKHNqPGZ93BkWWupQSCYm6YHqx6h9wjRupuJb90bun6ZaYg==
  dependencies:
    "@types/d3-path" "^1"

"@types/d3-time@^2", "@types/d3-time@^2.0.0":
  version "2.1.1"
  resolved "https://registry.yarnpkg.com/@types/d3-time/-/d3-time-2.1.1.tgz#743fdc821c81f86537cbfece07093ac39b4bc342"
  integrity sha512-9MVYlmIgmRR31C5b4FVSWtuMmBHh2mOWQYfl7XAYOa8dsnb7iEmUmRSWSFgXFtkjxO65d7hTUHQC+RhR/9IWFg==

"@types/d3-voronoi@^1.1.9":
  version "1.1.9"
  resolved "https://registry.yarnpkg.com/@types/d3-voronoi/-/d3-voronoi-1.1.9.tgz#7bbc210818a3a5c5e0bafb051420df206617c9e5"
  integrity sha512-DExNQkaHd1F3dFPvGA/Aw2NGyjMln6E9QzsiqOcBgnE+VInYnFBHBBySbZQts6z6xD+5jTfKCP7M4OqMyVjdwQ==

"@types/d3@^3":
  version "3.5.47"
  resolved "https://registry.yarnpkg.com/@types/d3/-/d3-3.5.47.tgz#b81042fcb0195c583fc037bc857d161469a7d175"
  integrity sha512-VkWIQoZXLFdcBGe5pdBKJmTU3fmpXvo/KV6ixvTzOMl1yJ2hbTXpfvsziag0kcaerPDwas2T0vxojwQG3YwivQ==

"@types/geojson@*":
  version "7946.0.10"
  resolved "https://registry.yarnpkg.com/@types/geojson/-/geojson-7946.0.10.tgz#6dfbf5ea17142f7f9a043809f1cd4c448cb68249"
  integrity sha512-Nmh0K3iWQJzniTuPRcJn5hxXkfB1T1pgB89SBig5PlJQU5yocazeu4jATJlaA0GYFKWMqDdvYemoSnF2pXgLVA==

"@types/lodash@^4.14.172":
  version "4.14.184"
  resolved "https://registry.yarnpkg.com/@types/lodash/-/lodash-4.14.184.tgz#23f96cd2a21a28e106dc24d825d4aa966de7a9fe"
  integrity sha512-RoZphVtHbxPZizt4IcILciSWiC6dcn+eZ8oX9IWEYfDMcocdd42f7NPI6fQj+6zI8y4E0L7gu2pcZKLGTRaV9Q==

"@types/prop-types@*":
  version "15.7.3"
  resolved "https://registry.yarnpkg.com/@types/prop-types/-/prop-types-15.7.3.tgz#2ab0d5da2e5815f94b0b9d4b95d1e5f243ab2ca7"
  integrity sha512-KfRL3PuHmqQLOG+2tGpRO26Ctg+Cq1E01D2DMriKEATHgWLfeNDmq9e29Q9WIky0dQ3NPkd1mzYH8Lm936Z9qw==

"@types/react-dom@*":
  version "18.0.6"
  resolved "https://registry.yarnpkg.com/@types/react-dom/-/react-dom-18.0.6.tgz#36652900024842b74607a17786b6662dd1e103a1"
  integrity sha512-/5OFZgfIPSwy+YuIBP/FgJnQnsxhZhjjrnxudMddeblOouIodEQ75X14Rr4wGSG/bknL+Omy9iWlLo1u/9GzAA==
  dependencies:
    "@types/react" "*"

"@types/react-dom@^16.9.8":
  version "16.9.8"
  resolved "https://registry.yarnpkg.com/@types/react-dom/-/react-dom-16.9.8.tgz#fe4c1e11dfc67155733dfa6aa65108b4971cb423"
  integrity sha512-ykkPQ+5nFknnlU6lDd947WbQ6TE3NNzbQAkInC2EKY1qeYdTKp7onFusmYZb+ityzx2YviqT6BXSu+LyWWJwcA==
  dependencies:
    "@types/react" "*"

"@types/react@*", "@types/react@^16.9.49":
  version "16.9.49"
  resolved "https://registry.yarnpkg.com/@types/react/-/react-16.9.49.tgz#09db021cf8089aba0cdb12a49f8021a69cce4872"
  integrity sha512-DtLFjSj0OYAdVLBbyjhuV9CdGVHCkHn2R+xr3XkBvK2rS1Y1tkc14XSGjYgm5Fjjr90AxH9tiSzc1pCFMGO06g==
  dependencies:
    "@types/prop-types" "*"
    csstype "^3.0.2"

"@use-gesture/core@10.2.18":
  version "10.2.18"
  resolved "https://registry.yarnpkg.com/@use-gesture/core/-/core-10.2.18.tgz#fa022a6383ee11d7170953681e50e16cd63b3f81"
  integrity sha512-O+qxBlKxPtYM/LyRnK/U5MhVA9kKHj4C2yHsUurDxNO0a8D1PHLz9YmMPh2UXGQE4wtSke03GsLqRsHbUvN9nw==

"@use-gesture/react@^10.0.0-beta.22":
  version "10.2.18"
  resolved "https://registry.yarnpkg.com/@use-gesture/react/-/react-10.2.18.tgz#859e2174e2c20cf0d9f0e9e499b69d662f071ddc"
  integrity sha512-MJQ5q/huXIER3st3bsmuWA7lxcdwZd28KJoBPFPNxKFenjF47smaiCCf+dLjUBiTV0DiIYAN4pXK19KxwfnUgg==
  dependencies:
    "@use-gesture/core" "10.2.18"

"@visx/annotation@2.12.2":
  version "2.12.2"
  resolved "https://registry.yarnpkg.com/@visx/annotation/-/annotation-2.12.2.tgz#2a3f4f910003efc0888aa1c3d8e1264fde36a52f"
  integrity sha512-NhIexNL2QJKc5escOpCe5apNdqBUqmQzGLqc40L7GslYuS3KgxtMa4tdpI+WCct8b/EK3fyQmN9oqG0H5HTY9A==
  dependencies:
    "@types/react" "*"
    "@visx/drag" "2.10.0"
    "@visx/group" "2.10.0"
    "@visx/point" "2.6.0"
    "@visx/shape" "2.12.2"
    "@visx/text" "2.12.2"
    classnames "^2.3.1"
    prop-types "^15.5.10"
    react-use-measure "^2.0.4"

"@visx/axis@2.12.2":
  version "2.12.2"
  resolved "https://registry.yarnpkg.com/@visx/axis/-/axis-2.12.2.tgz#0aa50ae35d0cd6d8a11c59ad0d874cfeea9e3b89"
  integrity sha512-nE+DGNwRzXOmp6ZwMQ1yUhbF7uR2wd3j6Xja/kVgGA7wSbqUeCZzqKZvhRsCqyay6PtHVlRRAhHP31Ob39+jtw==
  dependencies:
    "@types/react" "*"
    "@visx/group" "2.10.0"
    "@visx/point" "2.6.0"
    "@visx/scale" "2.2.2"
    "@visx/shape" "2.12.2"
    "@visx/text" "2.12.2"
    classnames "^2.3.1"
    prop-types "^15.6.0"

"@visx/bounds@2.10.0":
  version "2.10.0"
  resolved "https://registry.yarnpkg.com/@visx/bounds/-/bounds-2.10.0.tgz#cd0bdd7db924a5a2151174edce09f867aaeaf3af"
  integrity sha512-rY7WFTIjQaXA8tFL45O2qbtSRkyF4yF75HiWz06F7BVmJ9UjF2qlomB3Y1z6gk6ZiFhwQ4zxABjOVjAQPLn7nQ==
  dependencies:
    "@types/react" "*"
    "@types/react-dom" "*"
    prop-types "^15.5.10"

"@visx/brush@2.12.2", "@visx/brush@^2.12.2":
  version "2.12.2"
  resolved "https://registry.yarnpkg.com/@visx/brush/-/brush-2.12.2.tgz#7e34e53d65b43ae576f8217ee4574db202446d74"
  integrity sha512-2WNgL2S7W3EHVrp2q5kzJF9SkcdUtO+vha3h25N3GWsi/q0Da1Djz8JSLAH6WEPFkRK7sneEt7zikjxWv0upxA==
  dependencies:
    "@visx/drag" "2.10.0"
    "@visx/event" "2.6.0"
    "@visx/group" "2.10.0"
    "@visx/scale" "2.2.2"
    "@visx/shape" "2.12.2"
    classnames "^2.3.1"
    prop-types "^15.6.1"

"@visx/clip-path@2.10.0":
  version "2.10.0"
  resolved "https://registry.yarnpkg.com/@visx/clip-path/-/clip-path-2.10.0.tgz#0f064c82dce9a34232dc989816a9f5e26059d4ef"
  integrity sha512-YIUQstsHKGysyDISOV5p+fMymkUdHCs89nSY/w6TG9EIl8x2jRhrQdojwtCYvjLkPZiZiKa8MBT6fFzsSfGImg==
  dependencies:
    "@types/react" "*"
    prop-types "^15.5.10"

"@visx/curve@2.1.0":
  version "2.1.0"
  resolved "https://registry.yarnpkg.com/@visx/curve/-/curve-2.1.0.tgz#f614bfe3db66df7db7382db7a75ced1506b94602"
  integrity sha512-9b6JOnx91gmOQiSPhUOxdsvcnW88fgqfTPKoVgQxidMsD/I3wksixtwo8TR/vtEz2aHzzsEEhlv1qK7Y3yaSDw==
  dependencies:
    "@types/d3-shape" "^1.3.1"
    d3-shape "^1.0.6"

"@visx/drag@2.10.0":
  version "2.10.0"
  resolved "https://registry.yarnpkg.com/@visx/drag/-/drag-2.10.0.tgz#67ffd16f6c3753724df80ab039a0ee6a285fc160"
  integrity sha512-1G7ABfue8/Jn7tHxEPsDK+84Jbgej3Cqgi8FHaV15XlDRlaWs/fDNz4ECdJUGvhXuXLYCpaWFzhD1HaSEDJL1g==
  dependencies:
    "@types/react" "*"
    "@visx/event" "2.6.0"
    "@visx/point" "2.6.0"
    prop-types "^15.5.10"

"@visx/event@2.6.0":
  version "2.6.0"
  resolved "https://registry.yarnpkg.com/@visx/event/-/event-2.6.0.tgz#0718eb1efabd5305cf659a153779c94ba4038996"
  integrity sha512-WGp91g82s727g3NAnENF1ppC3ZAlvWg+Y+GG0WFg34NmmOZbvPI/PTOqTqZE3x6B8EUn8NJiMxRjxIMbi+IvRw==
  dependencies:
    "@types/react" "*"
    "@visx/point" "2.6.0"

"@visx/geo@2.10.0":
  version "2.10.0"
  resolved "https://registry.yarnpkg.com/@visx/geo/-/geo-2.10.0.tgz#6cda4079717505244fffc3c25505437276628779"
  integrity sha512-YdhHagNQw0pW1jgLcEgqEqzXwfYQy0Y1UDeM96qZnM8Ki8/nGYGB2A5wnZO27mp290HnmYgmRJNpAEjp7erlTw==
  dependencies:
    "@types/d3-geo" "^1.11.1"
    "@types/geojson" "*"
    "@types/react" "*"
    "@visx/group" "2.10.0"
    classnames "^2.3.1"
    d3-geo "^1.11.3"
    prop-types "^15.5.10"

"@visx/glyph@2.10.0":
  version "2.10.0"
  resolved "https://registry.yarnpkg.com/@visx/glyph/-/glyph-2.10.0.tgz#9f8929b8391b9862023af00d64446188208b232b"
  integrity sha512-qjbnfSgV920+V4ctXeDJWwzBorZLz97cDA4b/GmJ2tk2h0AVMrAejF2LNLgPQpzsVb7BIuVXAJXgp0dop2gr6w==
  dependencies:
    "@types/d3-shape" "^1.3.1"
    "@types/react" "*"
    "@visx/group" "2.10.0"
    classnames "^2.3.1"
    d3-shape "^1.2.0"
    prop-types "^15.6.2"

"@visx/gradient@2.10.0":
  version "2.10.0"
  resolved "https://registry.yarnpkg.com/@visx/gradient/-/gradient-2.10.0.tgz#a3905735da18c2c074edc7becc93a46f17f2e086"
  integrity sha512-qxmIFY7aRcz0BqaH3gX0tYJu6cOJZhjTzPnHCuuxOjlF28fDDaAVG+oRqlZzYBMAvlWJ9s5qtDou7OvKJF/+2g==
  dependencies:
    "@types/react" "*"
    prop-types "^15.5.7"

"@visx/grid@2.12.2":
  version "2.12.2"
  resolved "https://registry.yarnpkg.com/@visx/grid/-/grid-2.12.2.tgz#32956dbb2ca88b24a057a7d559a46ba5e617df08"
  integrity sha512-lyMQvq5afjOh0nRqF0OBjgsLfsgUeLcFc95oj0FJ/NJ/MvtI6Gd5BxxbmYzuVfZ4f0Dm1pvtBu1swoB3451tkg==
  dependencies:
    "@types/react" "*"
    "@visx/curve" "2.1.0"
    "@visx/group" "2.10.0"
    "@visx/point" "2.6.0"
    "@visx/scale" "2.2.2"
    "@visx/shape" "2.12.2"
    classnames "^2.3.1"
    prop-types "^15.6.2"

"@visx/group@2.10.0":
  version "2.10.0"
  resolved "https://registry.yarnpkg.com/@visx/group/-/group-2.10.0.tgz#95839851832545621eb0d091866a61dafe552ae1"
  integrity sha512-DNJDX71f65Et1+UgQvYlZbE66owYUAfcxTkC96Db6TnxV221VKI3T5l23UWbnMzwFBP9dR3PWUjjqhhF12N5pA==
  dependencies:
    "@types/react" "*"
    classnames "^2.3.1"
    prop-types "^15.6.2"

"@visx/heatmap@2.10.0":
  version "2.10.0"
  resolved "https://registry.yarnpkg.com/@visx/heatmap/-/heatmap-2.10.0.tgz#8c87fc0d29d3c48541f99fa1183fdb6a7b3659a7"
  integrity sha512-5BACtq3XoYsqM38NPa+ujiHxgXHn7tpxRqCC8JRL9TFXjz6yRZrXKQgoIcKGXwQwlxavXR3OySz+KAaWWGmncg==
  dependencies:
    "@types/react" "*"
    "@visx/group" "2.10.0"
    classnames "^2.3.1"
    prop-types "^15.6.1"

"@visx/hierarchy@2.10.0":
  version "2.10.0"
  resolved "https://registry.yarnpkg.com/@visx/hierarchy/-/hierarchy-2.10.0.tgz#622205d718432e4c5f7bbd9e95a973ef85304ab9"
  integrity sha512-ActiV0XRjRyYn4QTC8gK7HMRHg9zN+ot7rJGknjyWfmJc1I7COxsvAL/8+uRo5Lh56OI36eriV48/pLwoWTUTA==
  dependencies:
    "@types/d3-hierarchy" "^1.1.6"
    "@types/react" "*"
    "@visx/group" "2.10.0"
    classnames "^2.3.1"
    d3-hierarchy "^1.1.4"
    prop-types "^15.6.1"

"@visx/legend@2.10.0":
  version "2.10.0"
  resolved "https://registry.yarnpkg.com/@visx/legend/-/legend-2.10.0.tgz#d561f86e4bc536f9d50e21d607e65f05640f73d5"
  integrity sha512-OI8BYE6QQI9eXAng/C7UzuVw7d0fwlzrth6RmrdhlyT1K+BA3WpExapV+pDfwxu/tkEik8Ps5cZRV6HjX1/Mww==
  dependencies:
    "@types/react" "*"
    "@visx/group" "2.10.0"
    "@visx/scale" "2.2.2"
    classnames "^2.3.1"
    prop-types "^15.5.10"

"@visx/marker@2.12.2":
  version "2.12.2"
  resolved "https://registry.yarnpkg.com/@visx/marker/-/marker-2.12.2.tgz#b81cea1a5d2b61c065aa97e4baccf9d0f17cab51"
  integrity sha512-yvJDMBw9oKQDD2gX5q7O+raR9qk/NYqKFDZ0GtS4ZVH87PfNe0ZyTXt0vWbIaDaix/r58SMpv38GluIOxWE7jg==
  dependencies:
    "@types/react" "*"
    "@visx/group" "2.10.0"
    "@visx/shape" "2.12.2"
    classnames "^2.3.1"
    prop-types "^15.6.2"

"@visx/mock-data@2.1.2":
  version "2.1.2"
  resolved "https://registry.yarnpkg.com/@visx/mock-data/-/mock-data-2.1.2.tgz#e3e2130d5617694a34e62dcfa7ede3275db72ccd"
  integrity sha512-6xUVP56tiPwVi3BxvoXPQzDYWG6iX2nnOlsHEYsHgK8gHq1r7AhjQtdbQUX7QF0QkmkJM0cW8TBjZ2e+dItB8Q==
  dependencies:
    "@types/d3-random" "^2.2.0"
    d3-random "^2.2.2"

"@visx/network@2.10.0":
  version "2.10.0"
  resolved "https://registry.yarnpkg.com/@visx/network/-/network-2.10.0.tgz#0cd9711c9faf28bea8bfdc71b325780c0d3b9f6f"
  integrity sha512-gZd5tqmYXBXElRQk13nZJlAZxzrvO5vPV6ypUh9IL9+S+33GkY8srPoeOd+/Urlq/nHl7LZeyYtVai+85nzaJQ==
  dependencies:
    "@types/react" "*"
    "@visx/group" "2.10.0"
    classnames "^2.3.1"
    prop-types "^15.6.2"

"@visx/pattern@2.10.0":
  version "2.10.0"
  resolved "https://registry.yarnpkg.com/@visx/pattern/-/pattern-2.10.0.tgz#d9962e936734321906df899bcdf0b70f54bdb991"
  integrity sha512-QfeKm1jTsJHbtvwjNL94NZgaiaE3JcwvefKklqec3AAA9cx6096SpMenFvQW52M1X66vw/bRkLYVGuyfeBiszg==
  dependencies:
    "@types/react" "*"
    classnames "^2.3.1"
    prop-types "^15.5.10"

"@visx/point@2.6.0":
  version "2.6.0"
  resolved "https://registry.yarnpkg.com/@visx/point/-/point-2.6.0.tgz#c4316ca409b5b829c5455f07118d8c14a92cc633"
  integrity sha512-amBi7yMz4S2VSchlPdliznN41TuES64506ySI22DeKQ+mc1s1+BudlpnY90sM1EIw4xnqbKmrghTTGfy6SVqvQ==

"@visx/react-spring@2.12.2":
  version "2.12.2"
  resolved "https://registry.yarnpkg.com/@visx/react-spring/-/react-spring-2.12.2.tgz#f753ead7fc62ff2541e56ea128c109601dd7a016"
  integrity sha512-+Oo9S75lSbpF6VV3Ym8kB/I4H7O3qYk5Nltv2CNUoVuWvzd4tRnxiVLBxYuGjtj6lIAhDJ+W8QYHXhZhe0zNHw==
  dependencies:
    "@types/react" "*"
    "@visx/axis" "2.12.2"
    "@visx/grid" "2.12.2"
    "@visx/scale" "2.2.2"
    "@visx/text" "2.12.2"
    classnames "^2.3.1"
    prop-types "^15.6.2"

"@visx/responsive@2.10.0":
  version "2.10.0"
  resolved "https://registry.yarnpkg.com/@visx/responsive/-/responsive-2.10.0.tgz#3e5c5853c7b2b33481e99a64678063cef717de0b"
  integrity sha512-NssDPpuUYp7hqVISuYkKZ5zk6ob0++RdTIaUjRcUdyFEbvzb9+zIb8QToOkvI90L2EC/MY4Jx0NpDbEe79GpAw==
  dependencies:
    "@juggle/resize-observer" "^3.3.1"
    "@types/lodash" "^4.14.172"
    "@types/react" "*"
    lodash "^4.17.21"
    prop-types "^15.6.1"

"@visx/scale@2.2.2":
  version "2.2.2"
  resolved "https://registry.yarnpkg.com/@visx/scale/-/scale-2.2.2.tgz#b8eafabdcf92bb45ab196058fe184772ad80fd25"
  integrity sha512-3aDySGUTpe6VykDQmF+g2nz5paFu9iSPTcCOEgkcru0/v5tmGzUdvivy8CkYbr87HN73V/Jc53lGm+kJUQcLBw==
  dependencies:
    "@types/d3-interpolate" "^1.3.1"
    "@types/d3-scale" "^3.3.0"
    "@types/d3-time" "^2.0.0"
    d3-interpolate "^1.4.0"
    d3-scale "^3.3.0"
    d3-time "^2.1.1"

"@visx/shape@2.12.2":
  version "2.12.2"
  resolved "https://registry.yarnpkg.com/@visx/shape/-/shape-2.12.2.tgz#81ed88bf823aa84a4f5f32a9c9daf8371a606897"
  integrity sha512-4gN0fyHWYXiJ+Ck8VAazXX0i8TOnLJvOc5jZBnaJDVxgnSIfCjJn0+Nsy96l9Dy/bCMTh4DBYUBv9k+YICBUOA==
  dependencies:
    "@types/d3-path" "^1.0.8"
    "@types/d3-shape" "^1.3.1"
    "@types/lodash" "^4.14.172"
    "@types/react" "*"
    "@visx/curve" "2.1.0"
    "@visx/group" "2.10.0"
    "@visx/scale" "2.2.2"
    classnames "^2.3.1"
    d3-path "^1.0.5"
    d3-shape "^1.2.0"
    lodash "^4.17.21"
    prop-types "^15.5.10"

"@visx/text@2.12.2":
  version "2.12.2"
  resolved "https://registry.yarnpkg.com/@visx/text/-/text-2.12.2.tgz#f4cd32424b1866d8a7f26bdc7cc8396727da06f0"
  integrity sha512-Sv9YEolggfv2Nf6+l28ESG3VXVR1+s4u/Cz17QpgOxygcbOM8LfLtriWtBsBMKdMbYKeUpoUro0clx55TUwzew==
  dependencies:
    "@types/lodash" "^4.14.172"
    "@types/react" "*"
    classnames "^2.3.1"
    lodash "^4.17.21"
    prop-types "^15.7.2"
    reduce-css-calc "^1.3.0"

"@visx/tooltip@2.10.0":
  version "2.10.0"
  resolved "https://registry.yarnpkg.com/@visx/tooltip/-/tooltip-2.10.0.tgz#86d6a720af573dc9853d86d99ae35052bb1629f3"
  integrity sha512-6Zrd79MIEfyuLBcZ1ypSeAkpQc8oLRNB7FQnegzl3Lje4LK5lJtuf5ST0mwK6G2Uv+GlOW9REJ6VK4gfAGkq9A==
  dependencies:
    "@types/react" "*"
    "@visx/bounds" "2.10.0"
    classnames "^2.3.1"
    prop-types "^15.5.10"
    react-use-measure "^2.0.4"

"@visx/visx@^2.12.2":
  version "2.12.2"
  resolved "https://registry.yarnpkg.com/@visx/visx/-/visx-2.12.2.tgz#3afea1233c681e3f5ef726dc92e1b6ebb928b0e2"
  integrity sha512-N9M/W+MCFiwZffy2WDmp/Y12UtQJPKVvMIXUKHx+aZE0OTiO0Y0q/GnLYTgW13RFieVqRaXBtMm38hvcqzsWSg==
  dependencies:
    "@visx/annotation" "2.12.2"
    "@visx/axis" "2.12.2"
    "@visx/bounds" "2.10.0"
    "@visx/brush" "2.12.2"
    "@visx/clip-path" "2.10.0"
    "@visx/curve" "2.1.0"
    "@visx/drag" "2.10.0"
    "@visx/event" "2.6.0"
    "@visx/geo" "2.10.0"
    "@visx/glyph" "2.10.0"
    "@visx/gradient" "2.10.0"
    "@visx/grid" "2.12.2"
    "@visx/group" "2.10.0"
    "@visx/heatmap" "2.10.0"
    "@visx/hierarchy" "2.10.0"
    "@visx/legend" "2.10.0"
    "@visx/marker" "2.12.2"
    "@visx/mock-data" "2.1.2"
    "@visx/network" "2.10.0"
    "@visx/pattern" "2.10.0"
    "@visx/point" "2.6.0"
    "@visx/responsive" "2.10.0"
    "@visx/scale" "2.2.2"
    "@visx/shape" "2.12.2"
    "@visx/text" "2.12.2"
    "@visx/tooltip" "2.10.0"
    "@visx/voronoi" "2.10.0"
    "@visx/wordcloud" "2.10.0"
    "@visx/xychart" "2.12.2"
    "@visx/zoom" "2.10.0"

"@visx/voronoi@2.10.0":
  version "2.10.0"
  resolved "https://registry.yarnpkg.com/@visx/voronoi/-/voronoi-2.10.0.tgz#2a81b7d00c1eb6c10e6537c107a3c49f625f1364"
  integrity sha512-2GSosmQ25a9OctY4xPpPTwY6N4CW53Ssos8kzPHTo5Si/2h9AUNqVg7eGUb8lrEjakQYAAdX0J4U8D02tsQI+w==
  dependencies:
    "@types/d3-voronoi" "^1.1.9"
    "@types/react" "*"
    classnames "^2.3.1"
    d3-voronoi "^1.1.2"
    prop-types "^15.6.1"

"@visx/wordcloud@2.10.0":
  version "2.10.0"
  resolved "https://registry.yarnpkg.com/@visx/wordcloud/-/wordcloud-2.10.0.tgz#ef84ca2ca6d7676624329e78efc1e57b916d276c"
  integrity sha512-SN3W9VbnU/qYofPG5xlN0jJWFTMo5v9jlJtWFLgTy9aHV3CtclyyEAQ6/+VPrKWuNR5bgtOSegiE8EJdobrStg==
  dependencies:
    "@types/d3-cloud" "1.2.5"
    "@visx/group" "2.10.0"
    d3-cloud "^1.2.5"

"@visx/xychart@2.12.2":
  version "2.12.2"
  resolved "https://registry.yarnpkg.com/@visx/xychart/-/xychart-2.12.2.tgz#3ed3ae4e3d398cf6b8acc24ad10c6b8878a914b0"
  integrity sha512-Bg/7gZjWcctFhdd42c5DOAmo25qxWUbQTbSzkCW/D97v/531svnPyMqKCe5mMuxDQzAAx7KX06rWPn/Cih+RWA==
  dependencies:
    "@types/lodash" "^4.14.172"
    "@types/react" "*"
    "@visx/annotation" "2.12.2"
    "@visx/axis" "2.12.2"
    "@visx/event" "2.6.0"
    "@visx/glyph" "2.10.0"
    "@visx/grid" "2.12.2"
    "@visx/react-spring" "2.12.2"
    "@visx/responsive" "2.10.0"
    "@visx/scale" "2.2.2"
    "@visx/shape" "2.12.2"
    "@visx/text" "2.12.2"
    "@visx/tooltip" "2.10.0"
    "@visx/voronoi" "2.10.0"
    classnames "^2.3.1"
    d3-array "^2.6.0"
    d3-interpolate-path "2.2.1"
    d3-shape "^2.0.0"
    lodash "^4.17.21"
    mitt "^2.1.0"
    prop-types "^15.6.2"

"@visx/zoom@2.10.0":
  version "2.10.0"
  resolved "https://registry.yarnpkg.com/@visx/zoom/-/zoom-2.10.0.tgz#143248813a35d2057eaf1a6336011d8650955533"
  integrity sha512-sId1kuO3NvlzQTOorjeMWXRR3J44zQm8sofwKEt3O9IgaBZ49WzuPUm/owSdVT+YGsXnvxEr2qAdt26GRMzS7Q==
  dependencies:
    "@types/react" "*"
    "@use-gesture/react" "^10.0.0-beta.22"
    "@visx/event" "2.6.0"
    prop-types "^15.6.2"

balanced-match@^0.4.2:
  version "0.4.2"
  resolved "https://registry.yarnpkg.com/balanced-match/-/balanced-match-0.4.2.tgz#cb3f3e3c732dc0f01ee70b403f302e61d7709838"
  integrity sha512-STw03mQKnGUYtoNjmowo4F2cRmIIxYEGiMsjjwla/u5P1lxadj/05WkNaFjNiKTgJkj8KiXbgAiRTmcQRwQNtg==

balanced-match@^1.0.0:
  version "1.0.2"
  resolved "https://registry.yarnpkg.com/balanced-match/-/balanced-match-1.0.2.tgz#e83e3a7e3f300b34cb9d87f615fa0cbf357690ee"
  integrity sha512-3oSeUO0TMV67hN1AmbXsK4yaqU7tjiHlbxRDZOpH0KW9+CeX4bRAaX0Anxt0tx2MrpRpWwQaPwIlISEJhYU5Pw==

classnames@^2.3.1:
  version "2.3.1"
  resolved "https://registry.yarnpkg.com/classnames/-/classnames-2.3.1.tgz#dfcfa3891e306ec1dad105d0e88f4417b8535e8e"
  integrity sha512-OlQdbZ7gLfGarSqxesMesDa5uz7KFbID8Kpq/SxIoNGDqY8lSYs0D+hhtBXhcdB3rcbXArFr7vlHheLk1voeNA==

csstype@^3.0.2:
  version "3.0.3"
  resolved "https://registry.yarnpkg.com/csstype/-/csstype-3.0.3.tgz#2b410bbeba38ba9633353aff34b05d9755d065f8"
  integrity sha512-jPl+wbWPOWJ7SXsWyqGRk3lGecbar0Cb0OvZF/r/ZU011R4YqiRehgkQ9p4eQfo9DSDLqLL3wHwfxeJiuIsNag==

d3-array@1:
  version "1.2.4"
  resolved "https://registry.yarnpkg.com/d3-array/-/d3-array-1.2.4.tgz#635ce4d5eea759f6f605863dbcfc30edc737f71f"
  integrity sha512-KHW6M86R+FUPYGb3R5XiYjXPq7VzwxZ22buHhAEVG5ztoEcZZMLov530mmccaqA1GghZArjQV46fuc8kUqhhHw==

d3-array@2, d3-array@^2.3.0, d3-array@^2.6.0:
  version "2.12.1"
  resolved "https://registry.yarnpkg.com/d3-array/-/d3-array-2.12.1.tgz#e20b41aafcdffdf5d50928004ececf815a465e81"
  integrity sha512-B0ErZK/66mHtEsR1TkPEEkwdy+WDesimkM5gpZr5Dsg54BiTA5RXtYW5qTLIAcekaS9xfZrzBLF/OAkB3Qn1YQ==
  dependencies:
    internmap "^1.0.0"

d3-array@^3.2.0:
  version "3.2.0"
  resolved "https://registry.yarnpkg.com/d3-array/-/d3-array-3.2.0.tgz#15bf96cd9b7333e02eb8de8053d78962eafcff14"
  integrity sha512-3yXFQo0oG3QCxbF06rMPFyGRMGJNS7NvsV1+2joOjbBE+9xvWQ8+GcMJAjRCzw06zQ3/arXeJgbPYcjUCuC+3g==
  dependencies:
    internmap "1 - 2"

d3-cloud@^1.2.5:
  version "1.2.5"
  resolved "https://registry.yarnpkg.com/d3-cloud/-/d3-cloud-1.2.5.tgz#3e91564f2d27fba47fcc7d812eb5081ea24c603d"
  integrity sha512-4s2hXZgvs0CoUIw31oBAGrHt9Kt/7P9Ik5HIVzISFiWkD0Ga2VLAuO/emO/z1tYIpE7KG2smB4PhMPfFMJpahw==
  dependencies:
    d3-dispatch "^1.0.3"

d3-color@1:
  version "1.4.1"
  resolved "https://registry.yarnpkg.com/d3-color/-/d3-color-1.4.1.tgz#c52002bf8846ada4424d55d97982fef26eb3bc8a"
  integrity sha512-p2sTHSLCJI2QKunbGb7ocOh7DgTAn8IrLx21QRc/BSnodXM4sv6aLQlnfpvehFMLZEfBc6g9pH9SWQccFYfJ9Q==

"d3-color@1 - 2":
  version "2.0.0"
  resolved "https://registry.yarnpkg.com/d3-color/-/d3-color-2.0.0.tgz#8d625cab42ed9b8f601a1760a389f7ea9189d62e"
  integrity sha512-SPXi0TSKPD4g9tw0NMZFnR95XVgUZiBH+uUTqQuDu1OsE2zomHU7ho0FISciaPvosimixwHFl3WHLGabv6dDgQ==

d3-dispatch@^1.0.3:
  version "1.0.6"
  resolved "https://registry.yarnpkg.com/d3-dispatch/-/d3-dispatch-1.0.6.tgz#00d37bcee4dd8cd97729dd893a0ac29caaba5d58"
  integrity sha512-fVjoElzjhCEy+Hbn8KygnmMS7Or0a9sI2UzGwoB7cCtvI1XpVN9GpoYlnb3xt2YV66oXYb1fLJ8GMvP4hdU1RA==

"d3-format@1 - 2":
  version "2.0.0"
  resolved "https://registry.yarnpkg.com/d3-format/-/d3-format-2.0.0.tgz#a10bcc0f986c372b729ba447382413aabf5b0767"
  integrity sha512-Ab3S6XuE/Q+flY96HXT0jOXcM4EAClYFnRGY5zsjRGNy6qCYrQsMffs7cV5Q9xejb35zxW5hf/guKw34kvIKsA==

d3-geo@^1.11.3:
  version "1.12.1"
  resolved "https://registry.yarnpkg.com/d3-geo/-/d3-geo-1.12.1.tgz#7fc2ab7414b72e59fbcbd603e80d9adc029b035f"
  integrity sha512-XG4d1c/UJSEX9NfU02KwBL6BYPj8YKHxgBEw5om2ZnTRSbIcego6dhHwcxuSR3clxh0EpE38os1DVPOmnYtTPg==
  dependencies:
    d3-array "1"

d3-hierarchy@^1.1.4:
  version "1.1.9"
  resolved "https://registry.yarnpkg.com/d3-hierarchy/-/d3-hierarchy-1.1.9.tgz#2f6bee24caaea43f8dc37545fa01628559647a83"
  integrity sha512-j8tPxlqh1srJHAtxfvOUwKNYJkQuBFdM1+JAUfq6xqH5eAqf93L7oG1NVqDa4CpFZNvnNKtCYEUC8KY9yEn9lQ==

d3-interpolate-path@2.2.1:
  version "2.2.1"
  resolved "https://registry.yarnpkg.com/d3-interpolate-path/-/d3-interpolate-path-2.2.1.tgz#fd8ff20a90aff3f380bcd1c15305e7b531e55d07"
  integrity sha512-6qLLh/KJVzls0XtMsMpcxhqMhgVEN7VIbR/6YGZe2qlS8KDgyyVB20XcmGnDyB051HcefQXM/Tppa9vcANEA4Q==

"d3-interpolate@1.2.0 - 2":
  version "2.0.1"
  resolved "https://registry.yarnpkg.com/d3-interpolate/-/d3-interpolate-2.0.1.tgz#98be499cfb8a3b94d4ff616900501a64abc91163"
  integrity sha512-c5UhwwTs/yybcmTpAVqwSFl6vrQ8JZJoT5F7xNFK9pymv5C0Ymcc9/LIJHtYIggg/yS9YHw8i8O8tgb9pupjeQ==
  dependencies:
    d3-color "1 - 2"

d3-interpolate@^1.4.0:
  version "1.4.0"
  resolved "https://registry.yarnpkg.com/d3-interpolate/-/d3-interpolate-1.4.0.tgz#526e79e2d80daa383f9e0c1c1c7dcc0f0583e987"
  integrity sha512-V9znK0zc3jOPV4VD2zZn0sDhZU3WAE2bmlxdIwwQPPzPjvyLkd8B3JUVdS1IDUFDkWZ72c9qnv1GK2ZagTZ8EA==
  dependencies:
    d3-color "1"

d3-path@1, d3-path@^1.0.5:
  version "1.0.9"
  resolved "https://registry.yarnpkg.com/d3-path/-/d3-path-1.0.9.tgz#48c050bb1fe8c262493a8caf5524e3e9591701cf"
  integrity sha512-VLaYcn81dtHVTjEHd8B+pbe9yHWpXKZUC87PzoFmsFrJqgFwDe/qxfp5MlfsfM1V5E/iVt0MmEbWQ7FVIXh/bg==

"d3-path@1 - 2":
  version "2.0.0"
  resolved "https://registry.yarnpkg.com/d3-path/-/d3-path-2.0.0.tgz#55d86ac131a0548adae241eebfb56b4582dd09d8"
  integrity sha512-ZwZQxKhBnv9yHaiWd6ZU4x5BtCQ7pXszEV9CU6kRgwIQVQGLMv1oiL4M+MK/n79sYzsj+gcgpPQSctJUsLN7fA==

d3-random@^2.2.2:
  version "2.2.2"
  resolved "https://registry.yarnpkg.com/d3-random/-/d3-random-2.2.2.tgz#5eebd209ef4e45a2b362b019c1fb21c2c98cbb6e"
  integrity sha512-0D9P8TRj6qDAtHhRQn6EfdOtHMfsUWanl3yb/84C4DqpZ+VsgfI5iTVRNRbELCfNvRfpMr8OrqqUTQ6ANGCijw==

d3-scale@^3.3.0:
  version "3.3.0"
  resolved "https://registry.yarnpkg.com/d3-scale/-/d3-scale-3.3.0.tgz#28c600b29f47e5b9cd2df9749c206727966203f3"
  integrity sha512-1JGp44NQCt5d1g+Yy+GeOnZP7xHo0ii8zsQp6PGzd+C1/dl0KGsp9A7Mxwp+1D1o4unbTTxVdU/ZOIEBoeZPbQ==
  dependencies:
    d3-array "^2.3.0"
    d3-format "1 - 2"
    d3-interpolate "1.2.0 - 2"
    d3-time "^2.1.1"
    d3-time-format "2 - 3"

d3-shape@^1.0.6, d3-shape@^1.2.0:
  version "1.3.7"
  resolved "https://registry.yarnpkg.com/d3-shape/-/d3-shape-1.3.7.tgz#df63801be07bc986bc54f63789b4fe502992b5d7"
  integrity sha512-EUkvKjqPFUAZyOlhY5gzCxCeI0Aep04LwIRpsZ/mLFelJiUfnK56jo5JMDSE7yyP2kLSb6LtF+S5chMk7uqPqw==
  dependencies:
    d3-path "1"

d3-shape@^2.0.0:
  version "2.1.0"
  resolved "https://registry.yarnpkg.com/d3-shape/-/d3-shape-2.1.0.tgz#3b6a82ccafbc45de55b57fcf956c584ded3b666f"
  integrity sha512-PnjUqfM2PpskbSLTJvAzp2Wv4CZsnAgTfcVRTwW03QR3MkXF8Uo7B1y/lWkAsmbKwuecto++4NlsYcvYpXpTHA==
  dependencies:
    d3-path "1 - 2"

"d3-time-format@2 - 3":
  version "3.0.0"
  resolved "https://registry.yarnpkg.com/d3-time-format/-/d3-time-format-3.0.0.tgz#df8056c83659e01f20ac5da5fdeae7c08d5f1bb6"
  integrity sha512-UXJh6EKsHBTjopVqZBhFysQcoXSv/5yLONZvkQ5Kk3qbwiUYkdX17Xa1PT6U1ZWXGGfB1ey5L8dKMlFq2DO0Ag==
  dependencies:
    d3-time "1 - 2"

"d3-time@1 - 2", d3-time@^2.1.1:
  version "2.1.1"
  resolved "https://registry.yarnpkg.com/d3-time/-/d3-time-2.1.1.tgz#e9d8a8a88691f4548e68ca085e5ff956724a6682"
  integrity sha512-/eIQe/eR4kCQwq7yxi7z4c6qEXf2IYGcjoWB5OOQy4Tq9Uv39/947qlDcN2TLkiTzQWzvnsuYPB9TrWaNfipKQ==
  dependencies:
    d3-array "2"

d3-voronoi@^1.1.2:
  version "1.1.4"
  resolved "https://registry.yarnpkg.com/d3-voronoi/-/d3-voronoi-1.1.4.tgz#dd3c78d7653d2bb359284ae478645d95944c8297"
  integrity sha512-dArJ32hchFsrQ8uMiTBLq256MpnZjeuBtdHpaDlYuQyjU0CVzCJl/BVW+SkszaAeH95D/8gxqAhgx0ouAWAfRg==

debounce@^1.2.1:
  version "1.2.1"
  resolved "https://registry.yarnpkg.com/debounce/-/debounce-1.2.1.tgz#38881d8f4166a5c5848020c11827b834bcb3e0a5"
  integrity sha512-XRRe6Glud4rd/ZGQfiV1ruXSfbvfJedlV9Y6zOlP+2K04vBYiJEte6stfFkCP03aMnY5tsipamumUjL14fofug==

exec-sh@^0.2.0:
  version "0.2.2"
  resolved "https://registry.yarnpkg.com/exec-sh/-/exec-sh-0.2.2.tgz#2a5e7ffcbd7d0ba2755bdecb16e5a427dfbdec36"
  integrity sha512-FIUCJz1RbuS0FKTdaAafAByGS0CPvU3R0MeHxgtl+djzCc//F8HakL8GzmVNZanasTbTAY/3DRFA0KpVqj/eAw==
  dependencies:
    merge "^1.2.0"

"internmap@1 - 2":
  version "2.0.3"
  resolved "https://registry.yarnpkg.com/internmap/-/internmap-2.0.3.tgz#6685f23755e43c524e251d29cbc97248e3061009"
  integrity sha512-5Hh7Y1wQbvY5ooGgPbDaL5iYLAPzMTUrjMulskHLH6wnv/A+1q5rgEaiuqEjB+oxGXIVZs1FF+R/KPN3ZSQYYg==

internmap@^1.0.0:
  version "1.0.1"
  resolved "https://registry.yarnpkg.com/internmap/-/internmap-1.0.1.tgz#0017cc8a3b99605f0302f2b198d272e015e5df95"
  integrity sha512-lDB5YccMydFBtasVtxnZ3MRBHuaoE8GKsppq+EchKL2U4nK/DmEpPHNH8MZe5HkMtpSiTSOZwfN0tzYjO/lJEw==

"js-tokens@^3.0.0 || ^4.0.0":
  version "4.0.0"
  resolved "https://registry.yarnpkg.com/js-tokens/-/js-tokens-4.0.0.tgz#19203fb59991df98e3a287050d4647cdeaf32499"
  integrity sha512-RdJUflcE3cUzKiMqQgsCu06FPu9UdIJO0beYbPhHN4k6apgJtifcoCtT9bcxOpYBtpD2kCM6Sbzg4CausW/PKQ==

lodash@^4.17.21:
  version "4.17.21"
  resolved "https://registry.yarnpkg.com/lodash/-/lodash-4.17.21.tgz#679591c564c3bffaae8454cf0b3df370c3d6911c"
  integrity sha512-v2kDEe57lecTulaDIuNTPy3Ry4gLGJ6Z1O3vE1krgXZNrsQ+LFTGHVxVjcXPs17LhbZVGedAJv8XZ1tvj5FvSg==

loose-envify@^1.1.0, loose-envify@^1.4.0:
  version "1.4.0"
  resolved "https://registry.yarnpkg.com/loose-envify/-/loose-envify-1.4.0.tgz#71ee51fa7be4caec1a63839f7e682d8132d30caf"
  integrity sha512-lyuxPGr/Wfhrlem2CL/UcnUc1zcqKAImBDzukY7Y5F/yQiNdko6+fRLevlw1HgMySw7f611UIY408EtxRSoK3Q==
  dependencies:
    js-tokens "^3.0.0 || ^4.0.0"

math-expression-evaluator@^1.2.14:
  version "1.4.0"
  resolved "https://registry.yarnpkg.com/math-expression-evaluator/-/math-expression-evaluator-1.4.0.tgz#3d66031117fbb7b9715ea6c9c68c2cd2eebd37e2"
  integrity sha512-4vRUvPyxdO8cWULGTh9dZWL2tZK6LDBvj+OGHBER7poH9Qdt7kXEoj20wiz4lQUbUXQZFjPbe5mVDo9nutizCw==

merge@^1.2.0:
  version "1.2.1"
  resolved "https://registry.yarnpkg.com/merge/-/merge-1.2.1.tgz#38bebf80c3220a8a487b6fcfb3941bb11720c145"
  integrity sha512-VjFo4P5Whtj4vsLzsYBu5ayHhoHJ0UqNm7ibvShmbmoz7tGi0vXaoJbGdB+GmDMLUdg8DpQXEIeVDAe8MaABvQ==

minimist@^1.2.0:
  version "1.2.6"
  resolved "https://registry.yarnpkg.com/minimist/-/minimist-1.2.6.tgz#8637a5b759ea0d6e98702cfb3a9283323c93af44"
  integrity sha512-Jsjnk4bw3YJqYzbdyBiNsPWHPfO++UGG749Cxs6peCu5Xg4nrena6OVxOYxrQTqww0Jmwt+Ref8rggumkTLz9Q==

mitt@^2.1.0:
  version "2.1.0"
  resolved "https://registry.yarnpkg.com/mitt/-/mitt-2.1.0.tgz#f740577c23176c6205b121b2973514eade1b2230"
  integrity sha512-ILj2TpLiysu2wkBbWjAmww7TkZb65aiQO+DkVdUTBpBXq+MHYiETENkKFMtsJZX1Lf4pe4QOrTSjIfUwN5lRdg==

object-assign@^4.1.1:
  version "4.1.1"
  resolved "https://registry.yarnpkg.com/object-assign/-/object-assign-4.1.1.tgz#2109adc7965887cfc05cbbd442cac8bfbb360863"
  integrity sha1-IQmtx5ZYh8/AXLvUQsrIv7s2CGM=

prop-types@^15.5.10, prop-types@^15.5.7, prop-types@^15.6.0, prop-types@^15.6.1, prop-types@^15.7.2:
  version "15.8.1"
  resolved "https://registry.yarnpkg.com/prop-types/-/prop-types-15.8.1.tgz#67d87bf1a694f48435cf332c24af10214a3140b5"
  integrity sha512-oj87CgZICdulUohogVAR7AjlC0327U4el4L6eAvOqCeudMDVU0NThNaV+b9Df4dXgSP1gXMTnPdhfe/2qDH5cg==
  dependencies:
    loose-envify "^1.4.0"
    object-assign "^4.1.1"
    react-is "^16.13.1"

prop-types@^15.6.2:
  version "15.7.2"
  resolved "https://registry.yarnpkg.com/prop-types/-/prop-types-15.7.2.tgz#52c41e75b8c87e72b9d9360e0206b99dcbffa6c5"
  integrity sha512-8QQikdH7//R2vurIJSutZ1smHYTcLpRWEOlHnzcWHmBYrOGUysKwSsrC89BCiFj3CbrfJ/nXFdJepOVrY1GCHQ==
  dependencies:
    loose-envify "^1.4.0"
    object-assign "^4.1.1"
    react-is "^16.8.1"

react-dom@^16.13.1:
  version "16.13.1"
  resolved "https://registry.yarnpkg.com/react-dom/-/react-dom-16.13.1.tgz#c1bd37331a0486c078ee54c4740720993b2e0e7f"
  integrity sha512-81PIMmVLnCNLO/fFOQxdQkvEq/+Hfpv24XNJfpyZhTRfO0QcmQIF/PgCa1zCOj2w1hrn12MFLyaJ/G0+Mxtfag==
  dependencies:
    loose-envify "^1.1.0"
    object-assign "^4.1.1"
    prop-types "^15.6.2"
    scheduler "^0.19.1"

react-is@^16.13.1, react-is@^16.8.1:
  version "16.13.1"
  resolved "https://registry.yarnpkg.com/react-is/-/react-is-16.13.1.tgz#789729a4dc36de2999dc156dd6c1d9c18cea56a4"
  integrity sha512-24e6ynE2H+OKt4kqsOvNd8kBpV65zoxbA4BVsEOB3ARVWQki/DHzaUoC5KuON/BiccDaCCTZBuOcfZs70kR8bQ==

react-use-measure@^2.0.4:
  version "2.1.1"
  resolved "https://registry.yarnpkg.com/react-use-measure/-/react-use-measure-2.1.1.tgz#5824537f4ee01c9469c45d5f7a8446177c6cc4ba"
  integrity sha512-nocZhN26cproIiIduswYpV5y5lQpSQS1y/4KuvUCjSKmw7ZWIS/+g3aFnX3WdBkyuGUtTLif3UTqnLLhbDoQig==
  dependencies:
    debounce "^1.2.1"

react@^16.13.1:
  version "16.13.1"
  resolved "https://registry.yarnpkg.com/react/-/react-16.13.1.tgz#2e818822f1a9743122c063d6410d85c1e3afe48e"
  integrity sha512-YMZQQq32xHLX0bz5Mnibv1/LHb3Sqzngu7xstSM+vrkE5Kzr9xE0yMByK5kMoTK30YVJE61WfbxIFFvfeDKT1w==
  dependencies:
    loose-envify "^1.1.0"
    object-assign "^4.1.1"
    prop-types "^15.6.2"

reduce-css-calc@^1.3.0:
  version "1.3.0"
  resolved "https://registry.yarnpkg.com/reduce-css-calc/-/reduce-css-calc-1.3.0.tgz#747c914e049614a4c9cfbba629871ad1d2927716"
  integrity sha512-0dVfwYVOlf/LBA2ec4OwQ6p3X9mYxn/wOl2xTcLwjnPYrkgEfPx3VI4eGCH3rQLlPISG5v9I9bkZosKsNRTRKA==
  dependencies:
    balanced-match "^0.4.2"
    math-expression-evaluator "^1.2.14"
    reduce-function-call "^1.0.1"

reduce-function-call@^1.0.1:
  version "1.0.3"
  resolved "https://registry.yarnpkg.com/reduce-function-call/-/reduce-function-call-1.0.3.tgz#60350f7fb252c0a67eb10fd4694d16909971300f"
  integrity sha512-Hl/tuV2VDgWgCSEeWMLwxLZqX7OK59eU1guxXsRKTAyeYimivsKdtcV4fu3r710tpG5GmDKDhQ0HSZLExnNmyQ==
  dependencies:
    balanced-match "^1.0.0"

scheduler@^0.19.1:
  version "0.19.1"
  resolved "https://registry.yarnpkg.com/scheduler/-/scheduler-0.19.1.tgz#4f3e2ed2c1a7d65681f4c854fa8c5a1ccb40f196"
  integrity sha512-n/zwRWRYSUj0/3g/otKDRPMh6qv2SYMWNq85IEa8iZyAv8od9zDYpGSnpBEjNgcMNq6Scbu5KfIPxNF72R/2EA==
  dependencies:
    loose-envify "^1.1.0"
    object-assign "^4.1.1"

typescript@^4.0.2:
  version "4.0.2"
  resolved "https://registry.yarnpkg.com/typescript/-/typescript-4.0.2.tgz#7ea7c88777c723c681e33bf7988be5d008d05ac2"
  integrity sha512-e4ERvRV2wb+rRZ/IQeb3jm2VxBsirQLpQhdxplZ2MEzGvDkkMmPglecnNDfSUBivMjP93vRbngYYDQqQ/78bcQ==

watch@^1.0.2:
  version "1.0.2"
  resolved "https://registry.yarnpkg.com/watch/-/watch-1.0.2.tgz#340a717bde765726fa0aa07d721e0147a551df0c"
  integrity sha512-1u+Z5n9Jc1E2c7qDO8SinPoZuHj7FgbgU1olSFoyaklduDvvtX7GMMtlE6OC9FTXq4KvNAOfj6Zu4vI1e9bAKA==
  dependencies:
    exec-sh "^0.2.0"
    minimist "^1.2.0"
